// !$*UTF8*$!
{
	archiveVersion = 1;
	classes = {
	};
	objectVersion = 46;
	objects = {

/* Begin PBXBuildFile section */
		AA5220981A2C3569008F8A49 /* main.m in Sources */ = {isa = PBXBuildFile; fileRef = AA5220971A2C3569008F8A49 /* main.m */; };
		AA52209B1A2C3569008F8A49 /* AppDelegate.m in Sources */ = {isa = PBXBuildFile; fileRef = AA52209A1A2C3569008F8A49 /* AppDelegate.m */; };
		AA52209E1A2C3569008F8A49 /* ViewController.m in Sources */ = {isa = PBXBuildFile; fileRef = AA52209D1A2C3569008F8A49 /* ViewController.m */; };
		AA5220A11A2C3569008F8A49 /* Main.storyboard in Resources */ = {isa = PBXBuildFile; fileRef = AA52209F1A2C3569008F8A49 /* Main.storyboard */; };
		AA5220A31A2C3569008F8A49 /* Images.xcassets in Resources */ = {isa = PBXBuildFile; fileRef = AA5220A21A2C3569008F8A49 /* Images.xcassets */; };
		AA5220A61A2C3569008F8A49 /* LaunchScreen.xib in Resources */ = {isa = PBXBuildFile; fileRef = AA5220A41A2C3569008F8A49 /* LaunchScreen.xib */; };
		AA5220C51A2C827E008F8A49 /* UIKit.framework in Frameworks */ = {isa = PBXBuildFile; fileRef = AA5220C41A2C827E008F8A49 /* UIKit.framework */; };
		AA5220C71A2C8288008F8A49 /* CoreGraphics.framework in Frameworks */ = {isa = PBXBuildFile; fileRef = AA5220C61A2C8288008F8A49 /* CoreGraphics.framework */; };
		AA5220C91A2C828F008F8A49 /* QuartzCore.framework in Frameworks */ = {isa = PBXBuildFile; fileRef = AA5220C81A2C828F008F8A49 /* QuartzCore.framework */; };
		AA5220CD1A2C8371008F8A49 /* Activity.m in Sources */ = {isa = PBXBuildFile; fileRef = AA5220CC1A2C8371008F8A49 /* Activity.m */; };
/* End PBXBuildFile section */

/* Begin PBXFileReference section */
		AA5220921A2C3569008F8A49 /* iOS7LoadingActivity.app */ = {isa = PBXFileReference; explicitFileType = wrapper.application; includeInIndex = 0; path = iOS7LoadingActivity.app; sourceTree = BUILT_PRODUCTS_DIR; };
		AA5220961A2C3569008F8A49 /* Info.plist */ = {isa = PBXFileReference; lastKnownFileType = text.plist.xml; path = Info.plist; sourceTree = "<group>"; };
		AA5220971A2C3569008F8A49 /* main.m */ = {isa = PBXFileReference; lastKnownFileType = sourcecode.c.objc; path = main.m; sourceTree = "<group>"; };
		AA5220991A2C3569008F8A49 /* AppDelegate.h */ = {isa = PBXFileReference; lastKnownFileType = sourcecode.c.h; path = AppDelegate.h; sourceTree = "<group>"; };
		AA52209A1A2C3569008F8A49 /* AppDelegate.m */ = {isa = PBXFileReference; lastKnownFileType = sourcecode.c.objc; path = AppDelegate.m; sourceTree = "<group>"; };
		AA52209C1A2C3569008F8A49 /* ViewController.h */ = {isa = PBXFileReference; lastKnownFileType = sourcecode.c.h; path = ViewController.h; sourceTree = "<group>"; };
		AA52209D1A2C3569008F8A49 /* ViewController.m */ = {isa = PBXFileReference; lastKnownFileType = sourcecode.c.objc; path = ViewController.m; sourceTree = "<group>"; };
		AA5220A01A2C3569008F8A49 /* Base */ = {isa = PBXFileReference; lastKnownFileType = file.storyboard; name = Base; path = Base.lproj/Main.storyboard; sourceTree = "<group>"; };
		AA5220A21A2C3569008F8A49 /* Images.xcassets */ = {isa = PBXFileReference; lastKnownFileType = folder.assetcatalog; path = Images.xcassets; sourceTree = "<group>"; };
		AA5220A51A2C3569008F8A49 /* Base */ = {isa = PBXFileReference; lastKnownFileType = file.xib; name = Base; path = Base.lproj/LaunchScreen.xib; sourceTree = "<group>"; };
		AA5220C41A2C827E008F8A49 /* UIKit.framework */ = {isa = PBXFileReference; lastKnownFileType = wrapper.framework; name = UIKit.framework; path = System/Library/Frameworks/UIKit.framework; sourceTree = SDKROOT; };
		AA5220C61A2C8288008F8A49 /* CoreGraphics.framework */ = {isa = PBXFileReference; lastKnownFileType = wrapper.framework; name = CoreGraphics.framework; path = System/Library/Frameworks/CoreGraphics.framework; sourceTree = SDKROOT; };
		AA5220C81A2C828F008F8A49 /* QuartzCore.framework */ = {isa = PBXFileReference; lastKnownFileType = wrapper.framework; name = QuartzCore.framework; path = System/Library/Frameworks/QuartzCore.framework; sourceTree = SDKROOT; };
		AA5220CB1A2C8371008F8A49 /* Activity.h */ = {isa = PBXFileReference; fileEncoding = 4; lastKnownFileType = sourcecode.c.h; path = Activity.h; sourceTree = "<group>"; };
		AA5220CC1A2C8371008F8A49 /* Activity.m */ = {isa = PBXFileReference; fileEncoding = 4; lastKnownFileType = sourcecode.c.objc; path = Activity.m; sourceTree = "<group>"; };
/* End PBXFileReference section */

/* Begin PBXFrameworksBuildPhase section */
		AA52208F1A2C3569008F8A49 /* Frameworks */ = {
			isa = PBXFrameworksBuildPhase;
			buildActionMask = 2147483647;
			files = (
				AA5220C91A2C828F008F8A49 /* QuartzCore.framework in Frameworks */,
				AA5220C71A2C8288008F8A49 /* CoreGraphics.framework in Frameworks */,
				AA5220C51A2C827E008F8A49 /* UIKit.framework in Frameworks */,
			);
			runOnlyForDeploymentPostprocessing = 0;
		};
/* End PBXFrameworksBuildPhase section */

/* Begin PBXGroup section */
		AA5220891A2C3569008F8A49 = {
			isa = PBXGroup;
			children = (
				AA5220CA1A2C8371008F8A49 /* Activity */,
				AA5220941A2C3569008F8A49 /* iOS7LoadingActivity */,
				AA5220C31A2C8264008F8A49 /* Frameworks */,
				AA5220931A2C3569008F8A49 /* Products */,
			);
			sourceTree = "<group>";
		};
		AA5220931A2C3569008F8A49 /* Products */ = {
			isa = PBXGroup;
			children = (
				AA5220921A2C3569008F8A49 /* iOS7LoadingActivity.app */,
			);
			name = Products;
			sourceTree = "<group>";
		};
		AA5220941A2C3569008F8A49 /* iOS7LoadingActivity */ = {
			isa = PBXGroup;
			children = (
				AA5220991A2C3569008F8A49 /* AppDelegate.h */,
				AA52209A1A2C3569008F8A49 /* AppDelegate.m */,
				AA52209C1A2C3569008F8A49 /* ViewController.h */,
				AA52209D1A2C3569008F8A49 /* ViewController.m */,
				AA52209F1A2C3569008F8A49 /* Main.storyboard */,
				AA5220A21A2C3569008F8A49 /* Images.xcassets */,
				AA5220A41A2C3569008F8A49 /* LaunchScreen.xib */,
				AA5220951A2C3569008F8A49 /* Supporting Files */,
			);
			path = iOS7LoadingActivity;
			sourceTree = "<group>";
		};
		AA5220951A2C3569008F8A49 /* Supporting Files */ = {
			isa = PBXGroup;
			children = (
				AA5220961A2C3569008F8A49 /* Info.plist */,
				AA5220971A2C3569008F8A49 /* main.m */,
			);
			name = "Supporting Files";
			sourceTree = "<group>";
		};
		AA5220C31A2C8264008F8A49 /* Frameworks */ = {
			isa = PBXGroup;
			children = (
				AA5220C81A2C828F008F8A49 /* QuartzCore.framework */,
				AA5220C61A2C8288008F8A49 /* CoreGraphics.framework */,
				AA5220C41A2C827E008F8A49 /* UIKit.framework */,
			);
			name = Frameworks;
			sourceTree = "<group>";
		};
		AA5220CA1A2C8371008F8A49 /* Activity */ = {
			isa = PBXGroup;
			children = (
				AA5220CB1A2C8371008F8A49 /* Activity.h */,
				AA5220CC1A2C8371008F8A49 /* Activity.m */,
			);
			name = Activity;
			path = ../Activity;
			sourceTree = "<group>";
		};
/* End PBXGroup section */

/* Begin PBXNativeTarget section */
		AA5220911A2C3569008F8A49 /* iOS7LoadingActivity */ = {
			isa = PBXNativeTarget;
			buildConfigurationList = AA5220B51A2C3569008F8A49 /* Build configuration list for PBXNativeTarget "iOS7LoadingActivity" */;
			buildPhases = (
				AA52208E1A2C3569008F8A49 /* Sources */,
				AA52208F1A2C3569008F8A49 /* Frameworks */,
				AA5220901A2C3569008F8A49 /* Resources */,
			);
			buildRules = (
			);
			dependencies = (
			);
			name = iOS7LoadingActivity;
			productName = iOS7LoadingActivity;
			productReference = AA5220921A2C3569008F8A49 /* iOS7LoadingActivity.app */;
			productType = "com.apple.product-type.application";
		};
/* End PBXNativeTarget section */

/* Begin PBXProject section */
		AA52208A1A2C3569008F8A49 /* Project object */ = {
			isa = PBXProject;
			attributes = {
				LastUpgradeCheck = 0610;
				ORGANIZATIONNAME = "Anuj Kumar";
				TargetAttributes = {
					AA5220911A2C3569008F8A49 = {
						CreatedOnToolsVersion = 6.1;
					};
				};
			};
			buildConfigurationList = AA52208D1A2C3569008F8A49 /* Build configuration list for PBXProject "iOS7LoadingActivity" */;
			compatibilityVersion = "Xcode 3.2";
			developmentRegion = English;
			hasScannedForEncodings = 0;
			knownRegions = (
				en,
				Base,
			);
			mainGroup = AA5220891A2C3569008F8A49;
			productRefGroup = AA5220931A2C3569008F8A49 /* Products */;
			projectDirPath = "";
			projectRoot = "";
			targets = (
				AA5220911A2C3569008F8A49 /* iOS7LoadingActivity */,
			);
		};
/* End PBXProject section */

/* Begin PBXResourcesBuildPhase section */
		AA5220901A2C3569008F8A49 /* Resources */ = {
			isa = PBXResourcesBuildPhase;
			buildActionMask = 2147483647;
			files = (
				AA5220A11A2C3569008F8A49 /* Main.storyboard in Resources */,
				AA5220A61A2C3569008F8A49 /* LaunchScreen.xib in Resources */,
				AA5220A31A2C3569008F8A49 /* Images.xcassets in Resources */,
			);
			runOnlyForDeploymentPostprocessing = 0;
		};
/* End PBXResourcesBuildPhase section */

/* Begin PBXSourcesBuildPhase section */
		AA52208E1A2C3569008F8A49 /* Sources */ = {
			isa = PBXSourcesBuildPhase;
			buildActionMask = 2147483647;
			files = (
				AA52209E1A2C3569008F8A49 /* ViewController.m in Sources */,
				AA52209B1A2C3569008F8A49 /* AppDelegate.m in Sources */,
				AA5220CD1A2C8371008F8A49 /* Activity.m in Sources */,
				AA5220981A2C3569008F8A49 /* main.m in Sources */,
			);
			runOnlyForDeploymentPostprocessing = 0;
		};
/* End PBXSourcesBuildPhase section */

/* Begin PBXVariantGroup section */
		AA52209F1A2C3569008F8A49 /* Main.storyboard */ = {
			isa = PBXVariantGroup;
			children = (
				AA5220A01A2C3569008F8A49 /* Base */,
			);
			name = Main.storyboard;
			sourceTree = "<group>";
		};
		AA5220A41A2C3569008F8A49 /* LaunchScreen.xib */ = {
			isa = PBXVariantGroup;
			children = (
				AA5220A51A2C3569008F8A49 /* Base */,
			);
			name = LaunchScreen.xib;
			sourceTree = "<group>";
		};
/* End PBXVariantGroup section */

/* Begin XCBuildConfiguration section */
		AA5220B31A2C3569008F8A49 /* Debug */ = {
			isa = XCBuildConfiguration;
			buildSettings = {
				ALWAYS_SEARCH_USER_PATHS = NO;
				CLANG_CXX_LANGUAGE_STANDARD = "gnu++0x";
				CLANG_CXX_LIBRARY = "libc++";
				CLANG_ENABLE_MODULES = YES;
				CLANG_ENABLE_OBJC_ARC = YES;
				CLANG_WARN_BOOL_CONVERSION = YES;
				CLANG_WARN_CONSTANT_CONVERSION = YES;
				CLANG_WARN_DIRECT_OBJC_ISA_USAGE = YES_ERROR;
				CLANG_WARN_EMPTY_BODY = YES;
				CLANG_WARN_ENUM_CONVERSION = YES;
				CLANG_WARN_INT_CONVERSION = YES;
				CLANG_WARN_OBJC_ROOT_CLASS = YES_ERROR;
				CLANG_WARN_UNREACHABLE_CODE = YES;
				CLANG_WARN__DUPLICATE_METHOD_MATCH = YES;
				"CODE_SIGN_IDENTITY[sdk=iphoneos*]" = "iPhone Developer";
				COPY_PHASE_STRIP = NO;
				ENABLE_STRICT_OBJC_MSGSEND = YES;
				GCC_C_LANGUAGE_STANDARD = gnu99;
				GCC_DYNAMIC_NO_PIC = NO;
				GCC_OPTIMIZATION_LEVEL = 0;
				GCC_PREPROCESSOR_DEFINITIONS = (
					"DEBUG=1",
					"$(inherited)",
				);
				GCC_SYMBOLS_PRIVATE_EXTERN = NO;
				GCC_WARN_64_TO_32_BIT_CONVERSION = YES;
				GCC_WARN_ABOUT_RETURN_TYPE = YES_ERROR;
				GCC_WARN_UNDECLARED_SELECTOR = YES;
				GCC_WARN_UNINITIALIZED_AUTOS = YES_AGGRESSIVE;
				GCC_WARN_UNUSED_FUNCTION = YES;
				GCC_WARN_UNUSED_VARIABLE = YES;
				IPHONEOS_DEPLOYMENT_TARGET = 7.0;
				MTL_ENABLE_DEBUG_INFO = YES;
				ONLY_ACTIVE_ARCH = YES;
				SDKROOT = iphoneos;
				TARGETED_DEVICE_FAMILY = "1,2";
			};
			name = Debug;
		};
		AA5220B41A2C3569008F8A49 /* Release */ = {
			isa = XCBuildConfiguration;
			buildSettings = {
				ALWAYS_SEARCH_USER_PATHS = NO;
				CLANG_CXX_LANGUAGE_STANDARD = "gnu++0x";
				CLANG_CXX_LIBRARY = "libc++";
				CLANG_ENABLE_MODULES = YES;
				CLANG_ENABLE_OBJC_ARC = YES;
				CLANG_WARN_BOOL_CONVERSION = YES;
				CLANG_WARN_CONSTANT_CONVERSION = YES;
				CLANG_WARN_DIRECT_OBJC_ISA_USAGE = YES_ERROR;
				CLANG_WARN_EMPTY_BODY = YES;
				CLANG_WARN_ENUM_CONVERSION = YES;
				CLANG_WARN_INT_CONVERSION = YES;
				CLANG_WARN_OBJC_ROOT_CLASS = YES_ERROR;
				CLANG_WARN_UNREACHABLE_CODE = YES;
				CLANG_WARN__DUPLICATE_METHOD_MATCH = YES;
				"CODE_SIGN_IDENTITY[sdk=iphoneos*]" = "iPhone Developer";
				COPY_PHASE_STRIP = YES;
				ENABLE_NS_ASSERTIONS = NO;
				ENABLE_STRICT_OBJC_MSGSEND = YES;
				GCC_C_LANGUAGE_STANDARD = gnu99;
				GCC_WARN_64_TO_32_BIT_CONVERSION = YES;
				GCC_WARN_ABOUT_RETURN_TYPE = YES_ERROR;
				GCC_WARN_UNDECLARED_SELECTOR = YES;
				GCC_WARN_UNINITIALIZED_AUTOS = YES_AGGRESSIVE;
				GCC_WARN_UNUSED_FUNCTION = YES;
				GCC_WARN_UNUSED_VARIABLE = YES;
				IPHONEOS_DEPLOYMENT_TARGET = 7.0;
				MTL_ENABLE_DEBUG_INFO = NO;
				SDKROOT = iphoneos;
				TARGETED_DEVICE_FAMILY = "1,2";
				VALIDATE_PRODUCT = YES;
			};
			name = Release;
		};
		AA5220B61A2C3569008F8A49 /* Debug */ = {
			isa = XCBuildConfiguration;
			buildSettings = {
				ASSETCATALOG_COMPILER_APPICON_NAME = AppIcon;
				CODE_SIGN_IDENTITY = "iPhone Developer";
				"CODE_SIGN_IDENTITY[sdk=iphoneos*]" = "iPhone Developer";
				INFOPLIST_FILE = iOS7LoadingActivity/Info.plist;
				IPHONEOS_DEPLOYMENT_TARGET = 7.0;
				LD_RUNPATH_SEARCH_PATHS = "$(inherited) @executable_path/Frameworks";
				PRODUCT_NAME = "$(TARGET_NAME)";
				PROVISIONING_PROFILE = "";
				TARGETED_DEVICE_FAMILY = 2;
			};
			name = Debug;
		};
		AA5220B71A2C3569008F8A49 /* Release */ = {
			isa = XCBuildConfiguration;
			buildSettings = {
				ASSETCATALOG_COMPILER_APPICON_NAME = AppIcon;
				CODE_SIGN_IDENTITY = "iPhone Developer";
				"CODE_SIGN_IDENTITY[sdk=iphoneos*]" = "iPhone Developer";
				INFOPLIST_FILE = iOS7LoadingActivity/Info.plist;
				IPHONEOS_DEPLOYMENT_TARGET = 7.0;
				LD_RUNPATH_SEARCH_PATHS = "$(inherited) @executable_path/Frameworks";
				PRODUCT_NAME = "$(TARGET_NAME)";
				PROVISIONING_PROFILE = "";
				TARGETED_DEVICE_FAMILY = 2;
			};
			name = Release;
		};
/* End XCBuildConfiguration section */

/* Begin XCConfigurationList section */
		AA52208D1A2C3569008F8A49 /* Build configuration list for PBXProject "iOS7LoadingActivity" */ = {
			isa = XCConfigurationList;
			buildConfigurations = (
				AA5220B31A2C3569008F8A49 /* Debug */,
				AA5220B41A2C3569008F8A49 /* Release */,
			);
			defaultConfigurationIsVisible = 0;
			defaultConfigurationName = Release;
		};
		AA5220B51A2C3569008F8A49 /* Build configuration list for PBXNativeTarget "iOS7LoadingActivity" */ = {
			isa = XCConfigurationList;
			buildConfigurations = (
				AA5220B61A2C3569008F8A49 /* Debug */,
				AA5220B71A2C3569008F8A49 /* Release */,
			);
			defaultConfigurationIsVisible = 0;
			defaultConfigurationName = Release;
		};
/* End XCConfigurationList section */
	};
	rootObject = AA52208A1A2C3569008F8A49 /* Project object */;
}
